# This file is automatically @generated by Poetry 2.2.1 and should not be changed by hand.

[[package]]
name = "grpcio"
version = "1.70.0"
description = "HTTP/2-based RPC framework"
optional = false
python-versions = ">=3.8"
groups = ["main", "dev"]
files = [
    {file = "grpcio-1.70.0-cp310-cp310-linux_armv7l.whl", hash = "sha256:95469d1977429f45fe7df441f586521361e235982a0b39e33841549143ae2851"},
    {file = "grpcio-1.70.0-cp310-cp310-macosx_12_0_universal2.whl", hash = "sha256:ed9718f17fbdb472e33b869c77a16d0b55e166b100ec57b016dc7de9c8d236bf"},
    {file = "grpcio-1.70.0-cp310-cp310-manylinux_2_17_aarch64.whl", hash = "sha256:374d014f29f9dfdb40510b041792e0e2828a1389281eb590df066e1cc2b404e5"},
    {file = "grpcio-1.70.0-cp310-cp310-manylinux_2_17_i686.manylinux2014_i686.whl", hash = "sha256:f2af68a6f5c8f78d56c145161544ad0febbd7479524a59c16b3e25053f39c87f"},
    {file = "grpcio-1.70.0-cp310-cp310-manylinux_2_17_x86_64.manylinux2014_x86_64.whl", hash = "sha256:ce7df14b2dcd1102a2ec32f621cc9fab6695effef516efbc6b063ad749867295"},
    {file = "grpcio-1.70.0-cp310-cp310-musllinux_1_1_i686.whl", hash = "sha256:c78b339869f4dbf89881e0b6fbf376313e4f845a42840a7bdf42ee6caed4b11f"},
    {file = "grpcio-1.70.0-cp310-cp310-musllinux_1_1_x86_64.whl", hash = "sha256:58ad9ba575b39edef71f4798fdb5c7b6d02ad36d47949cd381d4392a5c9cbcd3"},
    {file = "grpcio-1.70.0-cp310-cp310-win32.whl", hash = "sha256:2b0d02e4b25a5c1f9b6c7745d4fa06efc9fd6a611af0fb38d3ba956786b95199"},
    {file = "grpcio-1.70.0-cp310-cp310-win_amd64.whl", hash = "sha256:0de706c0a5bb9d841e353f6343a9defc9fc35ec61d6eb6111802f3aa9fef29e1"},
    {file = "grpcio-1.70.0-cp311-cp311-linux_armv7l.whl", hash = "sha256:17325b0be0c068f35770f944124e8839ea3185d6d54862800fc28cc2ffad205a"},
    {file = "grpcio-1.70.0-cp311-cp311-macosx_10_14_universal2.whl", hash = "sha256:dbe41ad140df911e796d4463168e33ef80a24f5d21ef4d1e310553fcd2c4a386"},
    {file = "grpcio-1.70.0-cp311-cp311-manylinux_2_17_aarch64.whl", hash = "sha256:5ea67c72101d687d44d9c56068328da39c9ccba634cabb336075fae2eab0d04b"},
    {file = "grpcio-1.70.0-cp311-cp311-manylinux_2_17_i686.manylinux2014_i686.whl", hash = "sha256:cb5277db254ab7586769e490b7b22f4ddab3876c490da0a1a9d7c695ccf0bf77"},
    {file = "grpcio-1.70.0-cp311-cp311-manylinux_2_17_x86_64.manylinux2014_x86_64.whl", hash = "sha256:e7831a0fc1beeeb7759f737f5acd9fdcda520e955049512d68fda03d91186eea"},
    {file = "grpcio-1.70.0-cp311-cp311-musllinux_1_1_i686.whl", hash = "sha256:27cc75e22c5dba1fbaf5a66c778e36ca9b8ce850bf58a9db887754593080d839"},
    {file = "grpcio-1.70.0-cp311-cp311-musllinux_1_1_x86_64.whl", hash = "sha256:d63764963412e22f0491d0d32833d71087288f4e24cbcddbae82476bfa1d81fd"},
    {file = "grpcio-1.70.0-cp311-cp311-win32.whl", hash = "sha256:bb491125103c800ec209d84c9b51f1c60ea456038e4734688004f377cfacc113"},
    {file = "grpcio-1.70.0-cp311-cp311-win_amd64.whl", hash = "sha256:d24035d49e026353eb042bf7b058fb831db3e06d52bee75c5f2f3ab453e71aca"},
    {file = "grpcio-1.70.0-cp312-cp312-linux_armv7l.whl", hash = "sha256:ef4c14508299b1406c32bdbb9fb7b47612ab979b04cf2b27686ea31882387cff"},
    {file = "grpcio-1.70.0-cp312-cp312-macosx_10_14_universal2.whl", hash = "sha256:aa47688a65643afd8b166928a1da6247d3f46a2784d301e48ca1cc394d2ffb40"},
    {file = "grpcio-1.70.0-cp312-cp312-manylinux_2_17_aarch64.whl", hash = "sha256:880bfb43b1bb8905701b926274eafce5c70a105bc6b99e25f62e98ad59cb278e"},
    {file = "grpcio-1.70.0-cp312-cp312-manylinux_2_17_i686.manylinux2014_i686.whl", hash = "sha256:9e654c4b17d07eab259d392e12b149c3a134ec52b11ecdc6a515b39aceeec898"},
    {file = "grpcio-1.70.0-cp312-cp312-manylinux_2_17_x86_64.manylinux2014_x86_64.whl", hash = "sha256:2394e3381071045a706ee2eeb6e08962dd87e8999b90ac15c55f56fa5a8c9597"},
    {file = "grpcio-1.70.0-cp312-cp312-musllinux_1_1_i686.whl", hash = "sha256:b3c76701428d2df01964bc6479422f20e62fcbc0a37d82ebd58050b86926ef8c"},
    {file = "grpcio-1.70.0-cp312-cp312-musllinux_1_1_x86_64.whl", hash = "sha256:ac073fe1c4cd856ebcf49e9ed6240f4f84d7a4e6ee95baa5d66ea05d3dd0df7f"},
    {file = "grpcio-1.70.0-cp312-cp312-win32.whl", hash = "sha256:cd24d2d9d380fbbee7a5ac86afe9787813f285e684b0271599f95a51bce33528"},
    {file = "grpcio-1.70.0-cp312-cp312-win_amd64.whl", hash = "sha256:0495c86a55a04a874c7627fd33e5beaee771917d92c0e6d9d797628ac40e7655"},
    {file = "grpcio-1.70.0-cp313-cp313-linux_armv7l.whl", hash = "sha256:aa573896aeb7d7ce10b1fa425ba263e8dddd83d71530d1322fd3a16f31257b4a"},
    {file = "grpcio-1.70.0-cp313-cp313-macosx_10_14_universal2.whl", hash = "sha256:d405b005018fd516c9ac529f4b4122342f60ec1cee181788249372524e6db429"},
    {file = "grpcio-1.70.0-cp313-cp313-manylinux_2_17_aarch64.whl", hash = "sha256:f32090238b720eb585248654db8e3afc87b48d26ac423c8dde8334a232ff53c9"},
    {file = "grpcio-1.70.0-cp313-cp313-manylinux_2_17_i686.manylinux2014_i686.whl", hash = "sha256:dfa089a734f24ee5f6880c83d043e4f46bf812fcea5181dcb3a572db1e79e01c"},
    {file = "grpcio-1.70.0-cp313-cp313-manylinux_2_17_x86_64.manylinux2014_x86_64.whl", hash = "sha256:f19375f0300b96c0117aca118d400e76fede6db6e91f3c34b7b035822e06c35f"},
    {file = "grpcio-1.70.0-cp313-cp313-musllinux_1_1_i686.whl", hash = "sha256:7c73c42102e4a5ec76608d9b60227d917cea46dff4d11d372f64cbeb56d259d0"},
    {file = "grpcio-1.70.0-cp313-cp313-musllinux_1_1_x86_64.whl", hash = "sha256:0a5c78d5198a1f0aa60006cd6eb1c912b4a1520b6a3968e677dbcba215fabb40"},
    {file = "grpcio-1.70.0-cp313-cp313-win32.whl", hash = "sha256:fe9dbd916df3b60e865258a8c72ac98f3ac9e2a9542dcb72b7a34d236242a5ce"},
    {file = "grpcio-1.70.0-cp313-cp313-win_amd64.whl", hash = "sha256:4119fed8abb7ff6c32e3d2255301e59c316c22d31ab812b3fbcbaf3d0d87cc68"},
    {file = "grpcio-1.70.0-cp38-cp38-linux_armv7l.whl", hash = "sha256:8058667a755f97407fca257c844018b80004ae8035565ebc2812cc550110718d"},
    {file = "grpcio-1.70.0-cp38-cp38-macosx_10_14_universal2.whl", hash = "sha256:879a61bf52ff8ccacbedf534665bb5478ec8e86ad483e76fe4f729aaef867cab"},
    {file = "grpcio-1.70.0-cp38-cp38-manylinux_2_17_aarch64.whl", hash = "sha256:0ba0a173f4feacf90ee618fbc1a27956bfd21260cd31ced9bc707ef551ff7dc7"},
    {file = "grpcio-1.70.0-cp38-cp38-manylinux_2_17_i686.manylinux2014_i686.whl", hash = "sha256:558c386ecb0148f4f99b1a65160f9d4b790ed3163e8610d11db47838d452512d"},
    {file = "grpcio-1.70.0-cp38-cp38-manylinux_2_17_x86_64.manylinux2014_x86_64.whl", hash = "sha256:412faabcc787bbc826f51be261ae5fa996b21263de5368a55dc2cf824dc5090e"},
    {file = "grpcio-1.70.0-cp38-cp38-musllinux_1_1_i686.whl", hash = "sha256:3b0f01f6ed9994d7a0b27eeddea43ceac1b7e6f3f9d86aeec0f0064b8cf50fdb"},
    {file = "grpcio-1.70.0-cp38-cp38-musllinux_1_1_x86_64.whl", hash = "sha256:7385b1cb064734005204bc8994eed7dcb801ed6c2eda283f613ad8c6c75cf873"},
    {file = "grpcio-1.70.0-cp38-cp38-win32.whl", hash = "sha256:07269ff4940f6fb6710951116a04cd70284da86d0a4368fd5a3b552744511f5a"},
    {file = "grpcio-1.70.0-cp38-cp38-win_amd64.whl", hash = "sha256:aba19419aef9b254e15011b230a180e26e0f6864c90406fdbc255f01d83bc83c"},
    {file = "grpcio-1.70.0-cp39-cp39-linux_armv7l.whl", hash = "sha256:4f1937f47c77392ccd555728f564a49128b6a197a05a5cd527b796d36f3387d0"},
    {file = "grpcio-1.70.0-cp39-cp39-macosx_10_14_universal2.whl", hash = "sha256:0cd430b9215a15c10b0e7d78f51e8a39d6cf2ea819fd635a7214fae600b1da27"},
    {file = "grpcio-1.70.0-cp39-cp39-manylinux_2_17_aarch64.whl", hash = "sha256:e27585831aa6b57b9250abaf147003e126cd3a6c6ca0c531a01996f31709bed1"},
    {file = "grpcio-1.70.0-cp39-cp39-manylinux_2_17_i686.manylinux2014_i686.whl", hash = "sha256:c1af8e15b0f0fe0eac75195992a63df17579553b0c4af9f8362cc7cc99ccddf4"},
    {file = "grpcio-1.70.0-cp39-cp39-manylinux_2_17_x86_64.manylinux2014_x86_64.whl", hash = "sha256:cbce24409beaee911c574a3d75d12ffb8c3e3dd1b813321b1d7a96bbcac46bf4"},
    {file = "grpcio-1.70.0-cp39-cp39-musllinux_1_1_i686.whl", hash = "sha256:ff4a8112a79464919bb21c18e956c54add43ec9a4850e3949da54f61c241a4a6"},
    {file = "grpcio-1.70.0-cp39-cp39-musllinux_1_1_x86_64.whl", hash = "sha256:5413549fdf0b14046c545e19cfc4eb1e37e9e1ebba0ca390a8d4e9963cab44d2"},
    {file = "grpcio-1.70.0-cp39-cp39-win32.whl", hash = "sha256:b745d2c41b27650095e81dea7091668c040457483c9bdb5d0d9de8f8eb25e59f"},
    {file = "grpcio-1.70.0-cp39-cp39-win_amd64.whl", hash = "sha256:a31d7e3b529c94e930a117b2175b2efd179d96eb3c7a21ccb0289a8ab05b645c"},
    {file = "grpcio-1.70.0.tar.gz", hash = "sha256:8d1584a68d5922330025881e63a6c1b54cc8117291d382e4fa69339b6d914c56"},
]

[package.extras]
protobuf = ["grpcio-tools (>=1.70.0)"]

[[package]]
name = "grpcio-tools"
version = "1.62.2"
description = "Protobuf code generator for gRPC"
optional = false
python-versions = ">=3.7"
groups = ["dev"]
files = [
    {file = "grpcio-tools-1.62.2.tar.gz", hash = "sha256:5fd5e1582b678e6b941ee5f5809340be5e0724691df5299aae8226640f94e18f"},
    {file = "grpcio_tools-1.62.2-cp310-cp310-linux_armv7l.whl", hash = "sha256:1679b4903aed2dc5bd8cb22a452225b05dc8470a076f14fd703581efc0740cdb"},
    {file = "grpcio_tools-1.62.2-cp310-cp310-macosx_12_0_universal2.whl", hash = "sha256:9d41e0e47dd075c075bb8f103422968a65dd0d8dc8613288f573ae91eb1053ba"},
    {file = "grpcio_tools-1.62.2-cp310-cp310-manylinux_2_17_aarch64.whl", hash = "sha256:987e774f74296842bbffd55ea8826370f70c499e5b5f71a8cf3103838b6ee9c3"},
    {file = "grpcio_tools-1.62.2-cp310-cp310-manylinux_2_17_i686.manylinux2014_i686.whl", hash = "sha256:40cd4eeea4b25bcb6903b82930d579027d034ba944393c4751cdefd9c49e6989"},
    {file = "grpcio_tools-1.62.2-cp310-cp310-manylinux_2_17_x86_64.manylinux2014_x86_64.whl", hash = "sha256:b6746bc823958499a3cf8963cc1de00072962fb5e629f26d658882d3f4c35095"},
    {file = "grpcio_tools-1.62.2-cp310-cp310-musllinux_1_1_i686.whl", hash = "sha256:2ed775e844566ce9ce089be9a81a8b928623b8ee5820f5e4d58c1a9d33dfc5ae"},
    {file = "grpcio_tools-1.62.2-cp310-cp310-musllinux_1_1_x86_64.whl", hash = "sha256:bdc5dd3f57b5368d5d661d5d3703bcaa38bceca59d25955dff66244dbc987271"},
    {file = "grpcio_tools-1.62.2-cp310-cp310-win32.whl", hash = "sha256:3a8d6f07e64c0c7756f4e0c4781d9d5a2b9cc9cbd28f7032a6fb8d4f847d0445"},
    {file = "grpcio_tools-1.62.2-cp310-cp310-win_amd64.whl", hash = "sha256:e33b59fb3efdddeb97ded988a871710033e8638534c826567738d3edce528752"},
    {file = "grpcio_tools-1.62.2-cp311-cp311-linux_armv7l.whl", hash = "sha256:472505d030135d73afe4143b0873efe0dcb385bd6d847553b4f3afe07679af00"},
    {file = "grpcio_tools-1.62.2-cp311-cp311-macosx_10_10_universal2.whl", hash = "sha256:ec674b4440ef4311ac1245a709e87b36aca493ddc6850eebe0b278d1f2b6e7d1"},
    {file = "grpcio_tools-1.62.2-cp311-cp311-manylinux_2_17_aarch64.whl", hash = "sha256:184b4174d4bd82089d706e8223e46c42390a6ebac191073b9772abc77308f9fa"},
    {file = "grpcio_tools-1.62.2-cp311-cp311-manylinux_2_17_i686.manylinux2014_i686.whl", hash = "sha256:c195d74fe98541178ece7a50dad2197d43991e0f77372b9a88da438be2486f12"},
    {file = "grpcio_tools-1.62.2-cp311-cp311-manylinux_2_17_x86_64.manylinux2014_x86_64.whl", hash = "sha256:a34d97c62e61bfe9e6cff0410fe144ac8cca2fc979ad0be46b7edf026339d161"},
    {file = "grpcio_tools-1.62.2-cp311-cp311-musllinux_1_1_i686.whl", hash = "sha256:cbb8453ae83a1db2452b7fe0f4b78e4a8dd32be0f2b2b73591ae620d4d784d3d"},
    {file = "grpcio_tools-1.62.2-cp311-cp311-musllinux_1_1_x86_64.whl", hash = "sha256:4f989e5cebead3ae92c6abf6bf7b19949e1563a776aea896ac5933f143f0c45d"},
    {file = "grpcio_tools-1.62.2-cp311-cp311-win32.whl", hash = "sha256:c48fabe40b9170f4e3d7dd2c252e4f1ff395dc24e49ac15fc724b1b6f11724da"},
    {file = "grpcio_tools-1.62.2-cp311-cp311-win_amd64.whl", hash = "sha256:8c616d0ad872e3780693fce6a3ac8ef00fc0963e6d7815ce9dcfae68ba0fc287"},
    {file = "grpcio_tools-1.62.2-cp312-cp312-linux_armv7l.whl", hash = "sha256:10cc3321704ecd17c93cf68c99c35467a8a97ffaaed53207e9b2da6ae0308ee1"},
    {file = "grpcio_tools-1.62.2-cp312-cp312-macosx_10_10_universal2.whl", hash = "sha256:9be84ff6d47fd61462be7523b49d7ba01adf67ce4e1447eae37721ab32464dd8"},
    {file = "grpcio_tools-1.62.2-cp312-cp312-manylinux_2_17_aarch64.whl", hash = "sha256:d82f681c9a9d933a9d8068e8e382977768e7779ddb8870fa0cf918d8250d1532"},
    {file = "grpcio_tools-1.62.2-cp312-cp312-manylinux_2_17_i686.manylinux2014_i686.whl", hash = "sha256:04c607029ae3660fb1624ed273811ffe09d57d84287d37e63b5b802a35897329"},
    {file = "grpcio_tools-1.62.2-cp312-cp312-manylinux_2_17_x86_64.manylinux2014_x86_64.whl", hash = "sha256:72b61332f1b439c14cbd3815174a8f1d35067a02047c32decd406b3a09bb9890"},
    {file = "grpcio_tools-1.62.2-cp312-cp312-musllinux_1_1_i686.whl", hash = "sha256:8214820990d01b52845f9fbcb92d2b7384a0c321b303e3ac614c219dc7d1d3af"},
    {file = "grpcio_tools-1.62.2-cp312-cp312-musllinux_1_1_x86_64.whl", hash = "sha256:462e0ab8dd7c7b70bfd6e3195eebc177549ede5cf3189814850c76f9a340d7ce"},
    {file = "grpcio_tools-1.62.2-cp312-cp312-win32.whl", hash = "sha256:fa107460c842e4c1a6266150881694fefd4f33baa544ea9489601810c2210ef8"},
    {file = "grpcio_tools-1.62.2-cp312-cp312-win_amd64.whl", hash = "sha256:759c60f24c33a181bbbc1232a6752f9b49fbb1583312a4917e2b389fea0fb0f2"},
    {file = "grpcio_tools-1.62.2-cp37-cp37m-linux_armv7l.whl", hash = "sha256:45db5da2bcfa88f2b86b57ef35daaae85c60bd6754a051d35d9449c959925b57"},
    {file = "grpcio_tools-1.62.2-cp37-cp37m-macosx_10_10_universal2.whl", hash = "sha256:ab84bae88597133f6ea7a2bdc57b2fda98a266fe8d8d4763652cbefd20e73ad7"},
    {file = "grpcio_tools-1.62.2-cp37-cp37m-manylinux_2_17_aarch64.whl", hash = "sha256:7a49bccae1c7d154b78e991885c3111c9ad8c8fa98e91233de425718f47c6139"},
    {file = "grpcio_tools-1.62.2-cp37-cp37m-manylinux_2_17_i686.manylinux2014_i686.whl", hash = "sha256:a7e439476b29d6dac363b321781a113794397afceeb97dad85349db5f1cb5e9a"},
    {file = "grpcio_tools-1.62.2-cp37-cp37m-manylinux_2_17_x86_64.manylinux2014_x86_64.whl", hash = "sha256:7ea369c4d1567d1acdf69c8ea74144f4ccad9e545df7f9a4fc64c94fa7684ba3"},
    {file = "grpcio_tools-1.62.2-cp37-cp37m-musllinux_1_1_i686.whl", hash = "sha256:4f955702dc4b530696375251319d05223b729ed24e8673c2129f7a75d2caefbb"},
    {file = "grpcio_tools-1.62.2-cp37-cp37m-musllinux_1_1_x86_64.whl", hash = "sha256:3708a747aa4b6b505727282ca887041174e146ae030ebcadaf4c1d346858df62"},
    {file = "grpcio_tools-1.62.2-cp37-cp37m-win_amd64.whl", hash = "sha256:2ce149ea55eadb486a7fb75a20f63ef3ac065ee6a0240ed25f3549ce7954c653"},
    {file = "grpcio_tools-1.62.2-cp38-cp38-linux_armv7l.whl", hash = "sha256:58cbb24b3fa6ae35aa9c210fcea3a51aa5fef0cd25618eb4fd94f746d5a9b703"},
    {file = "grpcio_tools-1.62.2-cp38-cp38-macosx_10_10_universal2.whl", hash = "sha256:6413581e14a80e0b4532577766cf0586de4dd33766a31b3eb5374a746771c07d"},
    {file = "grpcio_tools-1.62.2-cp38-cp38-manylinux_2_17_aarch64.whl", hash = "sha256:47117c8a7e861382470d0e22d336e5a91fdc5f851d1db44fa784b9acea190d87"},
    {file = "grpcio_tools-1.62.2-cp38-cp38-manylinux_2_17_i686.manylinux2014_i686.whl", hash = "sha256:9f1ba79a253df9e553d20319c615fa2b429684580fa042dba618d7f6649ac7e4"},
    {file = "grpcio_tools-1.62.2-cp38-cp38-manylinux_2_17_x86_64.manylinux2014_x86_64.whl", hash = "sha256:04a394cf5e51ba9be412eb9f6c482b6270bd81016e033e8eb7d21b8cc28fe8b5"},
    {file = "grpcio_tools-1.62.2-cp38-cp38-musllinux_1_1_i686.whl", hash = "sha256:3c53b221378b035ae2f1881cbc3aca42a6075a8e90e1a342c2f205eb1d1aa6a1"},
    {file = "grpcio_tools-1.62.2-cp38-cp38-musllinux_1_1_x86_64.whl", hash = "sha256:c384c838b34d1b67068e51b5bbe49caa6aa3633acd158f1ab16b5da8d226bc53"},
    {file = "grpcio_tools-1.62.2-cp38-cp38-win32.whl", hash = "sha256:19ea69e41c3565932aa28a202d1875ec56786aea46a2eab54a3b28e8a27f9517"},
    {file = "grpcio_tools-1.62.2-cp38-cp38-win_amd64.whl", hash = "sha256:1d768a5c07279a4c461ebf52d0cec1c6ca85c6291c71ec2703fe3c3e7e28e8c4"},
    {file = "grpcio_tools-1.62.2-cp39-cp39-linux_armv7l.whl", hash = "sha256:5b07b5874187e170edfbd7aa2ca3a54ebf3b2952487653e8c0b0d83601c33035"},
    {file = "grpcio_tools-1.62.2-cp39-cp39-macosx_10_10_universal2.whl", hash = "sha256:d58389fe8be206ddfb4fa703db1e24c956856fcb9a81da62b13577b3a8f7fda7"},
    {file = "grpcio_tools-1.62.2-cp39-cp39-manylinux_2_17_aarch64.whl", hash = "sha256:7d8b4e00c3d7237b92260fc18a561cd81f1da82e8be100db1b7d816250defc66"},
    {file = "grpcio_tools-1.62.2-cp39-cp39-manylinux_2_17_i686.manylinux2014_i686.whl", hash = "sha256:1fe08d2038f2b7c53259b5c49e0ad08c8e0ce2b548d8185993e7ef67e8592cca"},
    {file = "grpcio_tools-1.62.2-cp39-cp39-manylinux_2_17_x86_64.manylinux2014_x86_64.whl", hash = "sha256:19216e1fb26dbe23d12a810517e1b3fbb8d4f98b1a3fbebeec9d93a79f092de4"},
    {file = "grpcio_tools-1.62.2-cp39-cp39-musllinux_1_1_i686.whl", hash = "sha256:b8574469ecc4ff41d6bb95f44e0297cdb0d95bade388552a9a444db9cd7485cd"},
    {file = "grpcio_tools-1.62.2-cp39-cp39-musllinux_1_1_x86_64.whl", hash = "sha256:4f6f32d39283ea834a493fccf0ebe9cfddee7577bdcc27736ad4be1732a36399"},
    {file = "grpcio_tools-1.62.2-cp39-cp39-win32.whl", hash = "sha256:76eb459bdf3fb666e01883270beee18f3f11ed44488486b61cd210b4e0e17cc1"},
    {file = "grpcio_tools-1.62.2-cp39-cp39-win_amd64.whl", hash = "sha256:217c2ee6a7ce519a55958b8622e21804f6fdb774db08c322f4c9536c35fdce7c"},
]

[package.dependencies]
grpcio = ">=1.62.2"
protobuf = ">=4.21.6,<5.0dev"
setuptools = "*"

[[package]]
name = "protobuf"
version = "4.25.2"
description = ""
optional = false
python-versions = ">=3.8"
groups = ["main", "dev"]
files = [
    {file = "protobuf-4.25.2-cp310-abi3-win32.whl", hash = "sha256:b50c949608682b12efb0b2717f53256f03636af5f60ac0c1d900df6213910fd6"},
    {file = "protobuf-4.25.2-cp310-abi3-win_amd64.whl", hash = "sha256:8f62574857ee1de9f770baf04dde4165e30b15ad97ba03ceac65f760ff018ac9"},
    {file = "protobuf-4.25.2-cp37-abi3-macosx_10_9_universal2.whl", hash = "sha256:2db9f8fa64fbdcdc93767d3cf81e0f2aef176284071507e3ede160811502fd3d"},
    {file = "protobuf-4.25.2-cp37-abi3-manylinux2014_aarch64.whl", hash = "sha256:10894a2885b7175d3984f2be8d9850712c57d5e7587a2410720af8be56cdaf62"},
    {file = "protobuf-4.25.2-cp37-abi3-manylinux2014_x86_64.whl", hash = "sha256:fc381d1dd0516343f1440019cedf08a7405f791cd49eef4ae1ea06520bc1c020"},
    {file = "protobuf-4.25.2-cp38-cp38-win32.whl", hash = "sha256:33a1aeef4b1927431d1be780e87b641e322b88d654203a9e9d93f218ee359e61"},
    {file = "protobuf-4.25.2-cp38-cp38-win_amd64.whl", hash = "sha256:47f3de503fe7c1245f6f03bea7e8d3ec11c6c4a2ea9ef910e3221c8a15516d62"},
    {file = "protobuf-4.25.2-cp39-cp39-win32.whl", hash = "sha256:5e5c933b4c30a988b52e0b7c02641760a5ba046edc5e43d3b94a74c9fc57c1b3"},
    {file = "protobuf-4.25.2-cp39-cp39-win_amd64.whl", hash = "sha256:d66a769b8d687df9024f2985d5137a337f957a0916cf5464d1513eee96a63ff0"},
    {file = "protobuf-4.25.2-py3-none-any.whl", hash = "sha256:a8b7a98d4ce823303145bf3c1a8bdb0f2f4642a414b196f04ad9853ed0c8f830"},
    {file = "protobuf-4.25.2.tar.gz", hash = "sha256:fe599e175cb347efc8ee524bcd4b902d11f7262c0e569ececcb89995c15f0a5e"},
]

[[package]]
name = "setuptools"
version = "75.3.2"
description = "Easily download, build, install, upgrade, and uninstall Python packages"
optional = false
python-versions = ">=3.8"
groups = ["dev"]
files = [
    {file = "setuptools-75.3.2-py3-none-any.whl", hash = "sha256:90ab613b6583fc02d5369cbca13ea26ea0e182d1df2d943ee9cbe81d4c61add9"},
    {file = "setuptools-75.3.2.tar.gz", hash = "sha256:3c1383e1038b68556a382c1e8ded8887cd20141b0eb5708a6c8d277de49364f5"},
]

[package.extras]
check = ["pytest-checkdocs (>=2.4)", "pytest-ruff (>=0.2.1) ; sys_platform != \"cygwin\"", "ruff (>=0.5.2) ; sys_platform != \"cygwin\""]
core = ["importlib-metadata (>=6) ; python_version < \"3.10\"", "importlib-resources (>=5.10.2) ; python_version < \"3.9\"", "jaraco.collections", "jaraco.functools", "jaraco.text (>=3.7)", "more-itertools", "more-itertools (>=8.8)", "packaging", "packaging (>=24)", "platformdirs (>=4.2.2)", "tomli (>=2.0.1) ; python_version < \"3.11\"", "wheel (>=0.43.0)"]
cover = ["pytest-cov"]
doc = ["furo", "jaraco.packaging (>=9.3)", "jaraco.tidelift (>=1.4)", "pygments-github-lexers (==0.0.5)", "pyproject-hooks (!=1.1)", "rst.linker (>=1.9)", "sphinx (>=3.5)", "sphinx-favicon", "sphinx-inline-tabs", "sphinx-lint", "sphinx-notfound-page (>=1,<2)", "sphinx-reredirects", "sphinxcontrib-towncrier", "towncrier (<24.7)"]
enabler = ["pytest-enabler (>=2.2)"]
test = ["build[virtualenv] (>=1.0.3)", "filelock (>=3.4.0)", "ini2toml[lite] (>=0.14)", "jaraco.develop (>=7.21) ; python_version >= \"3.9\" and sys_platform != \"cygwin\"", "jaraco.envs (>=2.2)", "jaraco.path (>=3.2.0)", "jaraco.test (>=5.5)", "packaging (>=23.2)", "pip (>=19.1)", "pyproject-hooks (!=1.1)", "pytest (>=6,!=8.1.*)", "pytest-home (>=0.5)", "pytest-perf ; sys_platform != \"cygwin\"", "pytest-subprocess", "pytest-timeout", "pytest-xdist (>=3)", "ruff (<=0.7.1)", "tomli-w (>=1.0.0)", "virtualenv (>=13.0.0)", "wheel (>=0.44.0)"]
type = ["importlib-metadata (>=7.0.2) ; python_version < \"3.10\"", "jaraco.develop (>=7.21) ; sys_platform != \"cygwin\"", "mypy (==1.12.*)", "pytest-mypy"]

[[package]]
name = "toml"
version = "0.10.2"
description = "Python Library for Tom's Obvious, Minimal Language"
optional = false
python-versions = ">=2.6, !=3.0.*, !=3.1.*, !=3.2.*"
groups = ["dev"]
files = [
    {file = "toml-0.10.2-py2.py3-none-any.whl", hash = "sha256:806143ae5bfb6a3c6e736a764057db0e6a0e05e338b5630894a5f779cabb4f9b"},
    {file = "toml-0.10.2.tar.gz", hash = "sha256:b3bda1d108d5dd99f4a20d24d9c348e91c4db7ab1b749200bded2f839ccbe68f"},
]

[metadata]
lock-version = "2.1"
python-versions = ">=3.8,<3.14"
content-hash = "619fd2943a32a23f424848a47bf6edae9bbbbd07c90dbcfbd82231e13847bb47"
